// !$*UTF8*$!
{
	archiveVersion = 1;
	classes = {
	};
	objectVersion = 56;
	objects = {

/* Begin PBXBuildFile section */
		4381B4E52BB6CF4B00D5587C /* CommonListExpApp.swift in Sources */ = {isa = PBXBuildFile; fileRef = 4381B4E42BB6CF4B00D5587C /* CommonListExpApp.swift */; };
		4381B4E72BB6CF4B00D5587C /* ContentView.swift in Sources */ = {isa = PBXBuildFile; fileRef = 4381B4E62BB6CF4B00D5587C /* ContentView.swift */; };
		4381B4E92BB6CF4C00D5587C /* Assets.xcassets in Resources */ = {isa = PBXBuildFile; fileRef = 4381B4E82BB6CF4C00D5587C /* Assets.xcassets */; };
		4381B4EC2BB6CF4C00D5587C /* Preview Assets.xcassets in Resources */ = {isa = PBXBuildFile; fileRef = 4381B4EB2BB6CF4C00D5587C /* Preview Assets.xcassets */; };
		4381B4F32BB6CFE200D5587C /* ContentViewModel.swift in Sources */ = {isa = PBXBuildFile; fileRef = 4381B4F22BB6CFE200D5587C /* ContentViewModel.swift */; };
		4381B4F62BB6D04600D5587C /* Networking.swift in Sources */ = {isa = PBXBuildFile; fileRef = 4381B4F52BB6D04600D5587C /* Networking.swift */; };
		4381B4F82BB6D07000D5587C /* NetworkError.swift in Sources */ = {isa = PBXBuildFile; fileRef = 4381B4F72BB6D07000D5587C /* NetworkError.swift */; };
		4381B4FA2BB6D0BB00D5587C /* EndPointConfiguration.swift in Sources */ = {isa = PBXBuildFile; fileRef = 4381B4F92BB6D0BB00D5587C /* EndPointConfiguration.swift */; };
		4381B4FD2BB6D0E800D5587C /* APIConstants.swift in Sources */ = {isa = PBXBuildFile; fileRef = 4381B4FC2BB6D0E800D5587C /* APIConstants.swift */; };
		4381B4FF2BB6D0FA00D5587C /* HTTPMethod.swift in Sources */ = {isa = PBXBuildFile; fileRef = 4381B4FE2BB6D0FA00D5587C /* HTTPMethod.swift */; };
		4381B5032BB6D14A00D5587C /* MovieRouter.swift in Sources */ = {isa = PBXBuildFile; fileRef = 4381B5022BB6D14A00D5587C /* MovieRouter.swift */; };
		4381B5052BB6D17500D5587C /* MoviesResponseModel.swift in Sources */ = {isa = PBXBuildFile; fileRef = 4381B5042BB6D17500D5587C /* MoviesResponseModel.swift */; };
/* End PBXBuildFile section */

/* Begin PBXFileReference section */
		4381B4E12BB6CF4B00D5587C /* CommonListExp.app */ = {isa = PBXFileReference; explicitFileType = wrapper.application; includeInIndex = 0; path = CommonListExp.app; sourceTree = BUILT_PRODUCTS_DIR; };
		4381B4E42BB6CF4B00D5587C /* CommonListExpApp.swift */ = {isa = PBXFileReference; lastKnownFileType = sourcecode.swift; path = CommonListExpApp.swift; sourceTree = "<group>"; };
		4381B4E62BB6CF4B00D5587C /* ContentView.swift */ = {isa = PBXFileReference; lastKnownFileType = sourcecode.swift; path = ContentView.swift; sourceTree = "<group>"; };
		4381B4E82BB6CF4C00D5587C /* Assets.xcassets */ = {isa = PBXFileReference; lastKnownFileType = folder.assetcatalog; path = Assets.xcassets; sourceTree = "<group>"; };
		4381B4EB2BB6CF4C00D5587C /* Preview Assets.xcassets */ = {isa = PBXFileReference; lastKnownFileType = folder.assetcatalog; path = "Preview Assets.xcassets"; sourceTree = "<group>"; };
		4381B4F22BB6CFE200D5587C /* ContentViewModel.swift */ = {isa = PBXFileReference; lastKnownFileType = sourcecode.swift; path = ContentViewModel.swift; sourceTree = "<group>"; };
		4381B4F52BB6D04600D5587C /* Networking.swift */ = {isa = PBXFileReference; lastKnownFileType = sourcecode.swift; path = Networking.swift; sourceTree = "<group>"; };
		4381B4F72BB6D07000D5587C /* NetworkError.swift */ = {isa = PBXFileReference; lastKnownFileType = sourcecode.swift; path = NetworkError.swift; sourceTree = "<group>"; };
		4381B4F92BB6D0BB00D5587C /* EndPointConfiguration.swift */ = {isa = PBXFileReference; lastKnownFileType = sourcecode.swift; path = EndPointConfiguration.swift; sourceTree = "<group>"; };
		4381B4FC2BB6D0E800D5587C /* APIConstants.swift */ = {isa = PBXFileReference; lastKnownFileType = sourcecode.swift; path = APIConstants.swift; sourceTree = "<group>"; };
		4381B4FE2BB6D0FA00D5587C /* HTTPMethod.swift */ = {isa = PBXFileReference; lastKnownFileType = sourcecode.swift; path = HTTPMethod.swift; sourceTree = "<group>"; };
		4381B5022BB6D14A00D5587C /* MovieRouter.swift */ = {isa = PBXFileReference; lastKnownFileType = sourcecode.swift; path = MovieRouter.swift; sourceTree = "<group>"; };
		4381B5042BB6D17500D5587C /* MoviesResponseModel.swift */ = {isa = PBXFileReference; lastKnownFileType = sourcecode.swift; path = MoviesResponseModel.swift; sourceTree = "<group>"; };
/* End PBXFileReference section */

/* Begin PBXFrameworksBuildPhase section */
		4381B4DE2BB6CF4B00D5587C /* Frameworks */ = {
			isa = PBXFrameworksBuildPhase;
			buildActionMask = 2147483647;
			files = (
			);
			runOnlyForDeploymentPostprocessing = 0;
		};
/* End PBXFrameworksBuildPhase section */

/* Begin PBXGroup section */
		4381B4D82BB6CF4B00D5587C = {
			isa = PBXGroup;
			children = (
				4381B4E32BB6CF4B00D5587C /* CommonListExp */,
				4381B4E22BB6CF4B00D5587C /* Products */,
			);
			sourceTree = "<group>";
		};
		4381B4E22BB6CF4B00D5587C /* Products */ = {
			isa = PBXGroup;
			children = (
				4381B4E12BB6CF4B00D5587C /* CommonListExp.app */,
			);
			name = Products;
			sourceTree = "<group>";
		};
		4381B4E32BB6CF4B00D5587C /* CommonListExp */ = {
			isa = PBXGroup;
			children = (
				4381B4F42BB6D02200D5587C /* Netwroking */,
				4381B4E42BB6CF4B00D5587C /* CommonListExpApp.swift */,
				4381B4E62BB6CF4B00D5587C /* ContentView.swift */,
				4381B4E82BB6CF4C00D5587C /* Assets.xcassets */,
				4381B4EA2BB6CF4C00D5587C /* Preview Content */,
				4381B4F22BB6CFE200D5587C /* ContentViewModel.swift */,
			);
			path = CommonListExp;
			sourceTree = "<group>";
		};
		4381B4EA2BB6CF4C00D5587C /* Preview Content */ = {
			isa = PBXGroup;
			children = (
				4381B4EB2BB6CF4C00D5587C /* Preview Assets.xcassets */,
			);
			path = "Preview Content";
			sourceTree = "<group>";
		};
		4381B4F42BB6D02200D5587C /* Netwroking */ = {
			isa = PBXGroup;
			children = (
				4381B5012BB6D12500D5587C /* Routers */,
				4381B5002BB6D11C00D5587C /* Models */,
				4381B4F52BB6D04600D5587C /* Networking.swift */,
				4381B4F72BB6D07000D5587C /* NetworkError.swift */,
				4381B4F92BB6D0BB00D5587C /* EndPointConfiguration.swift */,
				4381B4FC2BB6D0E800D5587C /* APIConstants.swift */,
				4381B4FE2BB6D0FA00D5587C /* HTTPMethod.swift */,
			);
			path = Netwroking;
			sourceTree = "<group>";
		};
		4381B5002BB6D11C00D5587C /* Models */ = {
			isa = PBXGroup;
			children = (
				4381B5042BB6D17500D5587C /* MoviesResponseModel.swift */,
			);
			path = Models;
			sourceTree = "<group>";
		};
		4381B5012BB6D12500D5587C /* Routers */ = {
			isa = PBXGroup;
			children = (
				4381B5022BB6D14A00D5587C /* MovieRouter.swift */,
			);
			path = Routers;
			sourceTree = "<group>";
		};
/* End PBXGroup section */

/* Begin PBXNativeTarget section */
		4381B4E02BB6CF4B00D5587C /* CommonListExp */ = {
			isa = PBXNativeTarget;
			buildConfigurationList = 4381B4EF2BB6CF4C00D5587C /* Build configuration list for PBXNativeTarget "CommonListExp" */;
			buildPhases = (
				4381B4DD2BB6CF4B00D5587C /* Sources */,
				4381B4DE2BB6CF4B00D5587C /* Frameworks */,
				4381B4DF2BB6CF4B00D5587C /* Resources */,
			);
			buildRules = (
			);
			dependencies = (
			);
			name = CommonListExp;
			productName = CommonListExp;
			productReference = 4381B4E12BB6CF4B00D5587C /* CommonListExp.app */;
			productType = "com.apple.product-type.application";
		};
/* End PBXNativeTarget section */

/* Begin PBXProject section */
		4381B4D92BB6CF4B00D5587C /* Project object */ = {
			isa = PBXProject;
			attributes = {
				BuildIndependentTargetsInParallel = 1;
				LastSwiftUpdateCheck = 1520;
				LastUpgradeCheck = 1520;
				TargetAttributes = {
					4381B4E02BB6CF4B00D5587C = {
						CreatedOnToolsVersion = 15.2;
					};
				};
			};
			buildConfigurationList = 4381B4DC2BB6CF4B00D5587C /* Build configuration list for PBXProject "CommonListExp" */;
			compatibilityVersion = "Xcode 14.0";
			developmentRegion = en;
			hasScannedForEncodings = 0;
			knownRegions = (
				en,
				Base,
			);
			mainGroup = 4381B4D82BB6CF4B00D5587C;
			productRefGroup = 4381B4E22BB6CF4B00D5587C /* Products */;
			projectDirPath = "";
			projectRoot = "";
			targets = (
				4381B4E02BB6CF4B00D5587C /* CommonListExp */,
			);
		};
/* End PBXProject section */

/* Begin PBXResourcesBuildPhase section */
		4381B4DF2BB6CF4B00D5587C /* Resources */ = {
			isa = PBXResourcesBuildPhase;
			buildActionMask = 2147483647;
			files = (
				4381B4EC2BB6CF4C00D5587C /* Preview Assets.xcassets in Resources */,
				4381B4E92BB6CF4C00D5587C /* Assets.xcassets in Resources */,
			);
			runOnlyForDeploymentPostprocessing = 0;
		};
/* End PBXResourcesBuildPhase section */

/* Begin PBXSourcesBuildPhase section */
		4381B4DD2BB6CF4B00D5587C /* Sources */ = {
			isa = PBXSourcesBuildPhase;
			buildActionMask = 2147483647;
			files = (
				4381B4E72BB6CF4B00D5587C /* ContentView.swift in Sources */,
				4381B5052BB6D17500D5587C /* MoviesResponseModel.swift in Sources */,
				4381B4FD2BB6D0E800D5587C /* APIConstants.swift in Sources */,
				4381B4FA2BB6D0BB00D5587C /* EndPointConfiguration.swift in Sources */,
				4381B4E52BB6CF4B00D5587C /* CommonListExpApp.swift in Sources */,
				4381B4FF2BB6D0FA00D5587C /* HTTPMethod.swift in Sources */,
				4381B5032BB6D14A00D5587C /* MovieRouter.swift in Sources */,
				4381B4F32BB6CFE200D5587C /* ContentViewModel.swift in Sources */,
				4381B4F62BB6D04600D5587C /* Networking.swift in Sources */,
				4381B4F82BB6D07000D5587C /* NetworkError.swift in Sources */,
			);
			runOnlyForDeploymentPostprocessing = 0;
		};
/* End PBXSourcesBuildPhase section */

/* Begin XCBuildConfiguration section */
		4381B4ED2BB6CF4C00D5587C /* Debug */ = {
			isa = XCBuildConfiguration;
			buildSettings = {
				ALWAYS_SEARCH_USER_PATHS = NO;
				ASSETCATALOG_COMPILER_GENERATE_SWIFT_ASSET_SYMBOL_EXTENSIONS = YES;
				CLANG_ANALYZER_NONNULL = YES;
				CLANG_ANALYZER_NUMBER_OBJECT_CONVERSION = YES_AGGRESSIVE;
				CLANG_CXX_LANGUAGE_STANDARD = "gnu++20";
				CLANG_ENABLE_MODULES = YES;
				CLANG_ENABLE_OBJC_ARC = YES;
				CLANG_ENABLE_OBJC_WEAK = YES;
				CLANG_WARN_BLOCK_CAPTURE_AUTORELEASING = YES;
				CLANG_WARN_BOOL_CONVERSION = YES;
				CLANG_WARN_COMMA = YES;
				CLANG_WARN_CONSTANT_CONVERSION = YES;
				CLANG_WARN_DEPRECATED_OBJC_IMPLEMENTATIONS = YES;
				CLANG_WARN_DIRECT_OBJC_ISA_USAGE = YES_ERROR;
				CLANG_WARN_DOCUMENTATION_COMMENTS = YES;
				CLANG_WARN_EMPTY_BODY = YES;
				CLANG_WARN_ENUM_CONVERSION = YES;
				CLANG_WARN_INFINITE_RECURSION = YES;
				CLANG_WARN_INT_CONVERSION = YES;
				CLANG_WARN_NON_LITERAL_NULL_CONVERSION = YES;
				CLANG_WARN_OBJC_IMPLICIT_RETAIN_SELF = YES;
				CLANG_WARN_OBJC_LITERAL_CONVERSION = YES;
				CLANG_WARN_OBJC_ROOT_CLASS = YES_ERROR;
				CLANG_WARN_QUOTED_INCLUDE_IN_FRAMEWORK_HEADER = YES;
				CLANG_WARN_RANGE_LOOP_ANALYSIS = YES;
				CLANG_WARN_STRICT_PROTOTYPES = YES;
				CLANG_WARN_SUSPICIOUS_MOVE = YES;
				CLANG_WARN_UNGUARDED_AVAILABILITY = YES_AGGRESSIVE;
				CLANG_WARN_UNREACHABLE_CODE = YES;
				CLANG_WARN__DUPLICATE_METHOD_MATCH = YES;
				COPY_PHASE_STRIP = NO;
				DEBUG_INFORMATION_FORMAT = dwarf;
				ENABLE_STRICT_OBJC_MSGSEND = YES;
				ENABLE_TESTABILITY = YES;
				ENABLE_USER_SCRIPT_SANDBOXING = YES;
				GCC_C_LANGUAGE_STANDARD = gnu17;
				GCC_DYNAMIC_NO_PIC = NO;
				GCC_NO_COMMON_BLOCKS = YES;
				GCC_OPTIMIZATION_LEVEL = 0;
				GCC_PREPROCESSOR_DEFINITIONS = (
					"DEBUG=1",
					"$(inherited)",
				);
				GCC_WARN_64_TO_32_BIT_CONVERSION = YES;
				GCC_WARN_ABOUT_RETURN_TYPE = YES_ERROR;
				GCC_WARN_UNDECLARED_SELECTOR = YES;
				GCC_WARN_UNINITIALIZED_AUTOS = YES_AGGRESSIVE;
				GCC_WARN_UNUSED_FUNCTION = YES;
				GCC_WARN_UNUSED_VARIABLE = YES;
				IPHONEOS_DEPLOYMENT_TARGET = 17.2;
				LOCALIZATION_PREFERS_STRING_CATALOGS = YES;
				MTL_ENABLE_DEBUG_INFO = INCLUDE_SOURCE;
				MTL_FAST_MATH = YES;
				ONLY_ACTIVE_ARCH = YES;
				SDKROOT = iphoneos;
				SWIFT_ACTIVE_COMPILATION_CONDITIONS = "DEBUG $(inherited)";
				SWIFT_OPTIMIZATION_LEVEL = "-Onone";
			};
			name = Debug;
		};
		4381B4EE2BB6CF4C00D5587C /* Release */ = {
			isa = XCBuildConfiguration;
			buildSettings = {
				ALWAYS_SEARCH_USER_PATHS = NO;
				ASSETCATALOG_COMPILER_GENERATE_SWIFT_ASSET_SYMBOL_EXTENSIONS = YES;
				CLANG_ANALYZER_NONNULL = YES;
				CLANG_ANALYZER_NUMBER_OBJECT_CONVERSION = YES_AGGRESSIVE;
				CLANG_CXX_LANGUAGE_STANDARD = "gnu++20";
				CLANG_ENABLE_MODULES = YES;
				CLANG_ENABLE_OBJC_ARC = YES;
				CLANG_ENABLE_OBJC_WEAK = YES;
				CLANG_WARN_BLOCK_CAPTURE_AUTORELEASING = YES;
				CLANG_WARN_BOOL_CONVERSION = YES;
				CLANG_WARN_COMMA = YES;
				CLANG_WARN_CONSTANT_CONVERSION = YES;
				CLANG_WARN_DEPRECATED_OBJC_IMPLEMENTATIONS = YES;
				CLANG_WARN_DIRECT_OBJC_ISA_USAGE = YES_ERROR;
				CLANG_WARN_DOCUMENTATION_COMMENTS = YES;
				CLANG_WARN_EMPTY_BODY = YES;
				CLANG_WARN_ENUM_CONVERSION = YES;
				CLANG_WARN_INFINITE_RECURSION = YES;
				CLANG_WARN_INT_CONVERSION = YES;
				CLANG_WARN_NON_LITERAL_NULL_CONVERSION = YES;
				CLANG_WARN_OBJC_IMPLICIT_RETAIN_SELF = YES;
				CLANG_WARN_OBJC_LITERAL_CONVERSION = YES;
				CLANG_WARN_OBJC_ROOT_CLASS = YES_ERROR;
				CLANG_WARN_QUOTED_INCLUDE_IN_FRAMEWORK_HEADER = YES;
				CLANG_WARN_RANGE_LOOP_ANALYSIS = YES;
				CLANG_WARN_STRICT_PROTOTYPES = YES;
				CLANG_WARN_SUSPICIOUS_MOVE = YES;
				CLANG_WARN_UNGUARDED_AVAILABILITY = YES_AGGRESSIVE;
				CLANG_WARN_UNREACHABLE_CODE = YES;
				CLANG_WARN__DUPLICATE_METHOD_MATCH = YES;
				COPY_PHASE_STRIP = NO;
				DEBUG_INFORMATION_FORMAT = "dwarf-with-dsym";
				ENABLE_NS_ASSERTIONS = NO;
				ENABLE_STRICT_OBJC_MSGSEND = YES;
				ENABLE_USER_SCRIPT_SANDBOXING = YES;
				GCC_C_LANGUAGE_STANDARD = gnu17;
				GCC_NO_COMMON_BLOCKS = YES;
				GCC_WARN_64_TO_32_BIT_CONVERSION = YES;
				GCC_WARN_ABOUT_RETURN_TYPE = YES_ERROR;
				GCC_WARN_UNDECLARED_SELECTOR = YES;
				GCC_WARN_UNINITIALIZED_AUTOS = YES_AGGRESSIVE;
				GCC_WARN_UNUSED_FUNCTION = YES;
				GCC_WARN_UNUSED_VARIABLE = YES;
				IPHONEOS_DEPLOYMENT_TARGET = 17.2;
				LOCALIZATION_PREFERS_STRING_CATALOGS = YES;
				MTL_ENABLE_DEBUG_INFO = NO;
				MTL_FAST_MATH = YES;
				SDKROOT = iphoneos;
				SWIFT_COMPILATION_MODE = wholemodule;
				VALIDATE_PRODUCT = YES;
			};
			name = Release;
		};
		4381B4F02BB6CF4C00D5587C /* Debug */ = {
			isa = XCBuildConfiguration;
			buildSettings = {
				ASSETCATALOG_COMPILER_APPICON_NAME = AppIcon;
				ASSETCATALOG_COMPILER_GLOBAL_ACCENT_COLOR_NAME = AccentColor;
				CODE_SIGN_STYLE = Automatic;
				CURRENT_PROJECT_VERSION = 1;
				DEVELOPMENT_ASSET_PATHS = "\"CommonListExp/Preview Content\"";
				ENABLE_PREVIEWS = YES;
				GENERATE_INFOPLIST_FILE = YES;
				INFOPLIST_KEY_UIApplicationSceneManifest_Generation = YES;
				INFOPLIST_KEY_UIApplicationSupportsIndirectInputEvents = YES;
				INFOPLIST_KEY_UILaunchScreen_Generation = YES;
				INFOPLIST_KEY_UISupportedInterfaceOrientations_iPad = "UIInterfaceOrientationPortrait UIInterfaceOrientationPortraitUpsideDown UIInterfaceOrientationLandscapeLeft UIInterfaceOrientationLandscapeRight";
				INFOPLIST_KEY_UISupportedInterfaceOrientations_iPhone = "UIInterfaceOrientationPortrait UIInterfaceOrientationLandscapeLeft UIInterfaceOrientationLandscapeRight";
				LD_RUNPATH_SEARCH_PATHS = (
					"$(inherited)",
					"@executable_path/Frameworks",
				);
				MARKETING_VERSION = 1.0;
				PRODUCT_BUNDLE_IDENTIFIER = com.ahmetutlu.CommonListExp;
				PRODUCT_NAME = "$(TARGET_NAME)";
				SWIFT_EMIT_LOC_STRINGS = YES;
				SWIFT_VERSION = 5.0;
				TARGETED_DEVICE_FAMILY = "1,2";
			};
			name = Debug;
		};
		4381B4F12BB6CF4C00D5587C /* Release */ = {
			isa = XCBuildConfiguration;
			buildSettings = {
				ASSETCATALOG_COMPILER_APPICON_NAME = AppIcon;
				ASSETCATALOG_COMPILER_GLOBAL_ACCENT_COLOR_NAME = AccentColor;
				CODE_SIGN_STYLE = Automatic;
				CURRENT_PROJECT_VERSION = 1;
				DEVELOPMENT_ASSET_PATHS = "\"CommonListExp/Preview Content\"";
				ENABLE_PREVIEWS = YES;
				GENERATE_INFOPLIST_FILE = YES;
				INFOPLIST_KEY_UIApplicationSceneManifest_Generation = YES;
				INFOPLIST_KEY_UIApplicationSupportsIndirectInputEvents = YES;
				INFOPLIST_KEY_UILaunchScreen_Generation = YES;
				INFOPLIST_KEY_UISupportedInterfaceOrientations_iPad = "UIInterfaceOrientationPortrait UIInterfaceOrientationPortraitUpsideDown UIInterfaceOrientationLandscapeLeft UIInterfaceOrientationLandscapeRight";
				INFOPLIST_KEY_UISupportedInterfaceOrientations_iPhone = "UIInterfaceOrientationPortrait UIInterfaceOrientationLandscapeLeft UIInterfaceOrientationLandscapeRight";
				LD_RUNPATH_SEARCH_PATHS = (
					"$(inherited)",
					"@executable_path/Frameworks",
				);
				MARKETING_VERSION = 1.0;
				PRODUCT_BUNDLE_IDENTIFIER = com.ahmetutlu.CommonListExp;
				PRODUCT_NAME = "$(TARGET_NAME)";
				SWIFT_EMIT_LOC_STRINGS = YES;
				SWIFT_VERSION = 5.0;
				TARGETED_DEVICE_FAMILY = "1,2";
			};
			name = Release;
		};
/* End XCBuildConfiguration section */

/* Begin XCConfigurationList section */
		4381B4DC2BB6CF4B00D5587C /* Build configuration list for PBXProject "CommonListExp" */ = {
			isa = XCConfigurationList;
			buildConfigurations = (
				4381B4ED2BB6CF4C00D5587C /* Debug */,
				4381B4EE2BB6CF4C00D5587C /* Release */,
			);
			defaultConfigurationIsVisible = 0;
			defaultConfigurationName = Release;
		};
		4381B4EF2BB6CF4C00D5587C /* Build configuration list for PBXNativeTarget "CommonListExp" */ = {
			isa = XCConfigurationList;
			buildConfigurations = (
				4381B4F02BB6CF4C00D5587C /* Debug */,
				4381B4F12BB6CF4C00D5587C /* Release */,
			);
			defaultConfigurationIsVisible = 0;
			defaultConfigurationName = Release;
		};
/* End XCConfigurationList section */
	};
	rootObject = 4381B4D92BB6CF4B00D5587C /* Project object */;
}
